
Microsoft Visual Studio Solution File, Format Version 12.00
# Visual Studio Version 16
VisualStudioVersion = 16.0.29905.134
MinimumVisualStudioVersion = 10.0.40219.1
Project("{FAE04EC0-301F-11D3-BF4B-00C04F79EFBC}") = "UwpNetNativeApp", "UwpNetNativeApp\UwpNetNativeApp.csproj", "{FF5481D8-B2F6-4F35-80EE-C0CE9AD931DC}"
EndProject
Project("{8BC9CEB8-8B4A-11D0-8D11-00A0C91BC942}") = "UwpCppApp", "UwpCppApp\UwpCppApp.vcxproj", "{C1127118-934E-4B73-81AC-4FD8DA7F2C96}"
EndProject
Project("{2150E333-8FDC-42A3-9474-1A3956D46DE8}") = "Scripts", "Scripts", "{B8A13E19-4290-496A-B4E8-7C6CA3E7D6F5}"
	ProjectSection(SolutionItems) = preProject
		Scripts\DiceWebUtils.ps1 = Scripts\DiceWebUtils.ps1
		Scripts\WinMetadataHint.ps1 = Scripts\WinMetadataHint.ps1
	EndProjectSection
EndProject
Project("{8BC9CEB8-8B4A-11D0-8D11-00A0C91BC942}") = "UwpAddOn", "UwpAddOn\UwpAddOn.vcxproj", "{EC04DA50-C53C-45DE-BB5D-D825C9D66D26}"
EndProject
Project("{2150E333-8FDC-42A3-9474-1A3956D46DE8}") = "Solution Items", "Solution Items", "{0DFFDF7D-B218-46DB-BEF2-4B7AF56A6DB0}"
	ProjectSection(SolutionItems) = preProject
		CODE_OF_CONDUCT.md = CODE_OF_CONDUCT.md
		LICENSE = LICENSE
		README.md = README.md
		SECURITY.md = SECURITY.md
	EndProjectSection
EndProject
Project("{FAE04EC0-301F-11D3-BF4B-00C04F79EFBC}") = "CentennialApp", "CentennialApp\CentennialApp.csproj", "{49A5B00F-3E0F-43DF-A3F3-EA6DAF6B425C}"
EndProject
Project("{C7167F0D-BC9F-4E6E-AFE1-012C56B48DB5}") = "CentennialPackaging", "CentennialPackaging\CentennialPackaging.wapproj", "{78E1149D-FEBC-422E-98BD-74E2215CA35D}"
EndProject
Global
	GlobalSection(SolutionConfigurationPlatforms) = preSolution
		Debug|Any CPU = Debug|Any CPU
		Debug|ARM = Debug|ARM
		Debug|ARM64 = Debug|ARM64
		Debug|Durango = Debug|Durango
		Debug|x64 = Debug|x64
		Debug|x86 = Debug|x86
		Profile|Any CPU = Profile|Any CPU
		Profile|ARM = Profile|ARM
		Profile|ARM64 = Profile|ARM64
		Profile|Durango = Profile|Durango
		Profile|x64 = Profile|x64
		Profile|x86 = Profile|x86
		Release|Any CPU = Release|Any CPU
		Release|ARM = Release|ARM
		Release|ARM64 = Release|ARM64
		Release|Durango = Release|Durango
		Release|x64 = Release|x64
		Release|x86 = Release|x86
	EndGlobalSection
	GlobalSection(ProjectConfigurationPlatforms) = postSolution
		{FF5481D8-B2F6-4F35-80EE-C0CE9AD931DC}.Debug|Any CPU.ActiveCfg = Debug|x86
		{FF5481D8-B2F6-4F35-80EE-C0CE9AD931DC}.Debug|ARM.ActiveCfg = Debug|ARM
		{FF5481D8-B2F6-4F35-80EE-C0CE9AD931DC}.Debug|ARM.Build.0 = Debug|ARM
		{FF5481D8-B2F6-4F35-80EE-C0CE9AD931DC}.Debug|ARM.Deploy.0 = Debug|ARM
		{FF5481D8-B2F6-4F35-80EE-C0CE9AD931DC}.Debug|ARM64.ActiveCfg = Debug|ARM64
		{FF5481D8-B2F6-4F35-80EE-C0CE9AD931DC}.Debug|ARM64.Build.0 = Debug|ARM64
		{FF5481D8-B2F6-4F35-80EE-C0CE9AD931DC}.Debug|ARM64.Deploy.0 = Debug|ARM64
		{FF5481D8-B2F6-4F35-80EE-C0CE9AD931DC}.Debug|Durango.ActiveCfg = Debug|x86
		{FF5481D8-B2F6-4F35-80EE-C0CE9AD931DC}.Debug|x64.ActiveCfg = Debug|x64
		{FF5481D8-B2F6-4F35-80EE-C0CE9AD931DC}.Debug|x64.Build.0 = Debug|x64
		{FF5481D8-B2F6-4F35-80EE-C0CE9AD931DC}.Debug|x64.Deploy.0 = Debug|x64
		{FF5481D8-B2F6-4F35-80EE-C0CE9AD931DC}.Debug|x86.ActiveCfg = Debug|x86
		{FF5481D8-B2F6-4F35-80EE-C0CE9AD931DC}.Debug|x86.Build.0 = Debug|x86
		{FF5481D8-B2F6-4F35-80EE-C0CE9AD931DC}.Debug|x86.Deploy.0 = Debug|x86
		{FF5481D8-B2F6-4F35-80EE-C0CE9AD931DC}.Profile|Any CPU.ActiveCfg = Release|x64
		{FF5481D8-B2F6-4F35-80EE-C0CE9AD931DC}.Profile|ARM.ActiveCfg = Release|ARM
		{FF5481D8-B2F6-4F35-80EE-C0CE9AD931DC}.Profile|ARM.Build.0 = Release|ARM
		{FF5481D8-B2F6-4F35-80EE-C0CE9AD931DC}.Profile|ARM.Deploy.0 = Release|ARM
		{FF5481D8-B2F6-4F35-80EE-C0CE9AD931DC}.Profile|ARM64.ActiveCfg = Release|ARM64
		{FF5481D8-B2F6-4F35-80EE-C0CE9AD931DC}.Profile|ARM64.Build.0 = Release|ARM64
		{FF5481D8-B2F6-4F35-80EE-C0CE9AD931DC}.Profile|ARM64.Deploy.0 = Release|ARM64
		{FF5481D8-B2F6-4F35-80EE-C0CE9AD931DC}.Profile|Durango.ActiveCfg = Release|x64
		{FF5481D8-B2F6-4F35-80EE-C0CE9AD931DC}.Profile|x64.ActiveCfg = Release|x64
		{FF5481D8-B2F6-4F35-80EE-C0CE9AD931DC}.Profile|x64.Build.0 = Release|x64
		{FF5481D8-B2F6-4F35-80EE-C0CE9AD931DC}.Profile|x64.Deploy.0 = Release|x64
		{FF5481D8-B2F6-4F35-80EE-C0CE9AD931DC}.Profile|x86.ActiveCfg = Release|x86
		{FF5481D8-B2F6-4F35-80EE-C0CE9AD931DC}.Profile|x86.Build.0 = Release|x86
		{FF5481D8-B2F6-4F35-80EE-C0CE9AD931DC}.Profile|x86.Deploy.0 = Release|x86
		{FF5481D8-B2F6-4F35-80EE-C0CE9AD931DC}.Release|Any CPU.ActiveCfg = Release|x86
		{FF5481D8-B2F6-4F35-80EE-C0CE9AD931DC}.Release|ARM.ActiveCfg = Release|ARM
		{FF5481D8-B2F6-4F35-80EE-C0CE9AD931DC}.Release|ARM.Build.0 = Release|ARM
		{FF5481D8-B2F6-4F35-80EE-C0CE9AD931DC}.Release|ARM.Deploy.0 = Release|ARM
		{FF5481D8-B2F6-4F35-80EE-C0CE9AD931DC}.Release|ARM64.ActiveCfg = Release|ARM64
		{FF5481D8-B2F6-4F35-80EE-C0CE9AD931DC}.Release|ARM64.Build.0 = Release|ARM64
		{FF5481D8-B2F6-4F35-80EE-C0CE9AD931DC}.Release|ARM64.Deploy.0 = Release|ARM64
		{FF5481D8-B2F6-4F35-80EE-C0CE9AD931DC}.Release|Durango.ActiveCfg = Release|x86
		{FF5481D8-B2F6-4F35-80EE-C0CE9AD931DC}.Release|x64.ActiveCfg = Release|x64
		{FF5481D8-B2F6-4F35-80EE-C0CE9AD931DC}.Release|x64.Build.0 = Release|x64
		{FF5481D8-B2F6-4F35-80EE-C0CE9AD931DC}.Release|x64.Deploy.0 = Release|x64
		{FF5481D8-B2F6-4F35-80EE-C0CE9AD931DC}.Release|x86.ActiveCfg = Release|x86
		{FF5481D8-B2F6-4F35-80EE-C0CE9AD931DC}.Release|x86.Build.0 = Release|x86
		{FF5481D8-B2F6-4F35-80EE-C0CE9AD931DC}.Release|x86.Deploy.0 = Release|x86
		{C1127118-934E-4B73-81AC-4FD8DA7F2C96}.Debug|Any CPU.ActiveCfg = Debug|Win32
		{C1127118-934E-4B73-81AC-4FD8DA7F2C96}.Debug|ARM.ActiveCfg = Debug|ARM
		{C1127118-934E-4B73-81AC-4FD8DA7F2C96}.Debug|ARM.Build.0 = Debug|ARM
		{C1127118-934E-4B73-81AC-4FD8DA7F2C96}.Debug|ARM.Deploy.0 = Debug|ARM
		{C1127118-934E-4B73-81AC-4FD8DA7F2C96}.Debug|ARM64.ActiveCfg = Debug|ARM64
		{C1127118-934E-4B73-81AC-4FD8DA7F2C96}.Debug|ARM64.Build.0 = Debug|ARM64
		{C1127118-934E-4B73-81AC-4FD8DA7F2C96}.Debug|ARM64.Deploy.0 = Debug|ARM64
		{C1127118-934E-4B73-81AC-4FD8DA7F2C96}.Debug|Durango.ActiveCfg = Debug|Win32
		{C1127118-934E-4B73-81AC-4FD8DA7F2C96}.Debug|x64.ActiveCfg = Debug|x64
		{C1127118-934E-4B73-81AC-4FD8DA7F2C96}.Debug|x64.Build.0 = Debug|x64
		{C1127118-934E-4B73-81AC-4FD8DA7F2C96}.Debug|x64.Deploy.0 = Debug|x64
		{C1127118-934E-4B73-81AC-4FD8DA7F2C96}.Debug|x86.ActiveCfg = Debug|Win32
		{C1127118-934E-4B73-81AC-4FD8DA7F2C96}.Debug|x86.Build.0 = Debug|Win32
		{C1127118-934E-4B73-81AC-4FD8DA7F2C96}.Debug|x86.Deploy.0 = Debug|Win32
		{C1127118-934E-4B73-81AC-4FD8DA7F2C96}.Profile|Any CPU.ActiveCfg = Release|x64
		{C1127118-934E-4B73-81AC-4FD8DA7F2C96}.Profile|ARM.ActiveCfg = Release|ARM
		{C1127118-934E-4B73-81AC-4FD8DA7F2C96}.Profile|ARM.Build.0 = Release|ARM
		{C1127118-934E-4B73-81AC-4FD8DA7F2C96}.Profile|ARM.Deploy.0 = Release|ARM
		{C1127118-934E-4B73-81AC-4FD8DA7F2C96}.Profile|ARM64.ActiveCfg = Release|ARM64
		{C1127118-934E-4B73-81AC-4FD8DA7F2C96}.Profile|ARM64.Build.0 = Release|ARM64
		{C1127118-934E-4B73-81AC-4FD8DA7F2C96}.Profile|ARM64.Deploy.0 = Release|ARM64
		{C1127118-934E-4B73-81AC-4FD8DA7F2C96}.Profile|Durango.ActiveCfg = Release|x64
		{C1127118-934E-4B73-81AC-4FD8DA7F2C96}.Profile|x64.ActiveCfg = Release|x64
		{C1127118-934E-4B73-81AC-4FD8DA7F2C96}.Profile|x64.Build.0 = Release|x64
		{C1127118-934E-4B73-81AC-4FD8DA7F2C96}.Profile|x64.Deploy.0 = Release|x64
		{C1127118-934E-4B73-81AC-4FD8DA7F2C96}.Profile|x86.ActiveCfg = Release|Win32
		{C1127118-934E-4B73-81AC-4FD8DA7F2C96}.Profile|x86.Build.0 = Release|Win32
		{C1127118-934E-4B73-81AC-4FD8DA7F2C96}.Profile|x86.Deploy.0 = Release|Win32
		{C1127118-934E-4B73-81AC-4FD8DA7F2C96}.Release|Any CPU.ActiveCfg = Release|Win32
		{C1127118-934E-4B73-81AC-4FD8DA7F2C96}.Release|ARM.ActiveCfg = Release|ARM
		{C1127118-934E-4B73-81AC-4FD8DA7F2C96}.Release|ARM.Build.0 = Release|ARM
		{C1127118-934E-4B73-81AC-4FD8DA7F2C96}.Release|ARM.Deploy.0 = Release|ARM
		{C1127118-934E-4B73-81AC-4FD8DA7F2C96}.Release|ARM64.ActiveCfg = Release|ARM64
		{C1127118-934E-4B73-81AC-4FD8DA7F2C96}.Release|ARM64.Build.0 = Release|ARM64
		{C1127118-934E-4B73-81AC-4FD8DA7F2C96}.Release|ARM64.Deploy.0 = Release|ARM64
		{C1127118-934E-4B73-81AC-4FD8DA7F2C96}.Release|Durango.ActiveCfg = Release|Win32
		{C1127118-934E-4B73-81AC-4FD8DA7F2C96}.Release|x64.ActiveCfg = Release|x64
		{C1127118-934E-4B73-81AC-4FD8DA7F2C96}.Release|x64.Build.0 = Release|x64
		{C1127118-934E-4B73-81AC-4FD8DA7F2C96}.Release|x64.Deploy.0 = Release|x64
		{C1127118-934E-4B73-81AC-4FD8DA7F2C96}.Release|x86.ActiveCfg = Release|Win32
		{C1127118-934E-4B73-81AC-4FD8DA7F2C96}.Release|x86.Build.0 = Release|Win32
		{C1127118-934E-4B73-81AC-4FD8DA7F2C96}.Release|x86.Deploy.0 = Release|Win32
		{EC04DA50-C53C-45DE-BB5D-D825C9D66D26}.Debug|Any CPU.ActiveCfg = Debug|Win32
		{EC04DA50-C53C-45DE-BB5D-D825C9D66D26}.Debug|ARM.ActiveCfg = Debug|ARM
		{EC04DA50-C53C-45DE-BB5D-D825C9D66D26}.Debug|ARM.Build.0 = Debug|ARM
		{EC04DA50-C53C-45DE-BB5D-D825C9D66D26}.Debug|ARM.Deploy.0 = Debug|ARM
		{EC04DA50-C53C-45DE-BB5D-D825C9D66D26}.Debug|ARM64.ActiveCfg = Debug|ARM64
		{EC04DA50-C53C-45DE-BB5D-D825C9D66D26}.Debug|ARM64.Build.0 = Debug|ARM64
		{EC04DA50-C53C-45DE-BB5D-D825C9D66D26}.Debug|ARM64.Deploy.0 = Debug|ARM64
		{EC04DA50-C53C-45DE-BB5D-D825C9D66D26}.Debug|Durango.ActiveCfg = Debug|Win32
		{EC04DA50-C53C-45DE-BB5D-D825C9D66D26}.Debug|x64.ActiveCfg = Debug|x64
		{EC04DA50-C53C-45DE-BB5D-D825C9D66D26}.Debug|x64.Build.0 = Debug|x64
		{EC04DA50-C53C-45DE-BB5D-D825C9D66D26}.Debug|x64.Deploy.0 = Debug|x64
		{EC04DA50-C53C-45DE-BB5D-D825C9D66D26}.Debug|x86.ActiveCfg = Debug|Win32
		{EC04DA50-C53C-45DE-BB5D-D825C9D66D26}.Debug|x86.Build.0 = Debug|Win32
		{EC04DA50-C53C-45DE-BB5D-D825C9D66D26}.Debug|x86.Deploy.0 = Debug|Win32
		{EC04DA50-C53C-45DE-BB5D-D825C9D66D26}.Profile|Any CPU.ActiveCfg = Release|ARM64
		{EC04DA50-C53C-45DE-BB5D-D825C9D66D26}.Profile|ARM.ActiveCfg = Release|ARM
		{EC04DA50-C53C-45DE-BB5D-D825C9D66D26}.Profile|ARM.Build.0 = Release|ARM
		{EC04DA50-C53C-45DE-BB5D-D825C9D66D26}.Profile|ARM.Deploy.0 = Release|ARM
		{EC04DA50-C53C-45DE-BB5D-D825C9D66D26}.Profile|ARM64.ActiveCfg = Release|ARM64
		{EC04DA50-C53C-45DE-BB5D-D825C9D66D26}.Profile|ARM64.Build.0 = Release|ARM64
		{EC04DA50-C53C-45DE-BB5D-D825C9D66D26}.Profile|ARM64.Deploy.0 = Release|ARM64
		{EC04DA50-C53C-45DE-BB5D-D825C9D66D26}.Profile|Durango.ActiveCfg = Release|x64
		{EC04DA50-C53C-45DE-BB5D-D825C9D66D26}.Profile|x64.ActiveCfg = Release|x64
		{EC04DA50-C53C-45DE-BB5D-D825C9D66D26}.Profile|x64.Build.0 = Release|x64
		{EC04DA50-C53C-45DE-BB5D-D825C9D66D26}.Profile|x64.Deploy.0 = Release|x64
		{EC04DA50-C53C-45DE-BB5D-D825C9D66D26}.Profile|x86.ActiveCfg = Release|Win32
		{EC04DA50-C53C-45DE-BB5D-D825C9D66D26}.Profile|x86.Build.0 = Release|Win32
		{EC04DA50-C53C-45DE-BB5D-D825C9D66D26}.Profile|x86.Deploy.0 = Release|Win32
		{EC04DA50-C53C-45DE-BB5D-D825C9D66D26}.Release|Any CPU.ActiveCfg = Release|Win32
		{EC04DA50-C53C-45DE-BB5D-D825C9D66D26}.Release|ARM.ActiveCfg = Release|ARM
		{EC04DA50-C53C-45DE-BB5D-D825C9D66D26}.Release|ARM.Build.0 = Release|ARM
		{EC04DA50-C53C-45DE-BB5D-D825C9D66D26}.Release|ARM.Deploy.0 = Release|ARM
		{EC04DA50-C53C-45DE-BB5D-D825C9D66D26}.Release|ARM64.ActiveCfg = Release|ARM64
		{EC04DA50-C53C-45DE-BB5D-D825C9D66D26}.Release|ARM64.Build.0 = Release|ARM64
		{EC04DA50-C53C-45DE-BB5D-D825C9D66D26}.Release|ARM64.Deploy.0 = Release|ARM64
		{EC04DA50-C53C-45DE-BB5D-D825C9D66D26}.Release|Durango.ActiveCfg = Release|Win32
		{EC04DA50-C53C-45DE-BB5D-D825C9D66D26}.Release|x64.ActiveCfg = Release|x64
		{EC04DA50-C53C-45DE-BB5D-D825C9D66D26}.Release|x64.Build.0 = Release|x64
		{EC04DA50-C53C-45DE-BB5D-D825C9D66D26}.Release|x64.Deploy.0 = Release|x64
		{EC04DA50-C53C-45DE-BB5D-D825C9D66D26}.Release|x86.ActiveCfg = Release|Win32
		{EC04DA50-C53C-45DE-BB5D-D825C9D66D26}.Release|x86.Build.0 = Release|Win32
		{EC04DA50-C53C-45DE-BB5D-D825C9D66D26}.Release|x86.Deploy.0 = Release|Win32
		{49A5B00F-3E0F-43DF-A3F3-EA6DAF6B425C}.Debug|Any CPU.ActiveCfg = Debug|Any CPU
		{49A5B00F-3E0F-43DF-A3F3-EA6DAF6B425C}.Debug|Any CPU.Build.0 = Debug|Any CPU
		{49A5B00F-3E0F-43DF-A3F3-EA6DAF6B425C}.Debug|ARM.ActiveCfg = Debug|Any CPU
		{49A5B00F-3E0F-43DF-A3F3-EA6DAF6B425C}.Debug|ARM.Build.0 = Debug|Any CPU
		{49A5B00F-3E0F-43DF-A3F3-EA6DAF6B425C}.Debug|ARM64.ActiveCfg = Debug|Any CPU
		{49A5B00F-3E0F-43DF-A3F3-EA6DAF6B425C}.Debug|ARM64.Build.0 = Debug|Any CPU
		{49A5B00F-3E0F-43DF-A3F3-EA6DAF6B425C}.Debug|Durango.ActiveCfg = Debug|Any CPU
		{49A5B00F-3E0F-43DF-A3F3-EA6DAF6B425C}.Debug|x64.ActiveCfg = Debug|Any CPU
		{49A5B00F-3E0F-43DF-A3F3-EA6DAF6B425C}.Debug|x64.Build.0 = Debug|Any CPU
		{49A5B00F-3E0F-43DF-A3F3-EA6DAF6B425C}.Debug|x86.ActiveCfg = Debug|Any CPU
		{49A5B00F-3E0F-43DF-A3F3-EA6DAF6B425C}.Debug|x86.Build.0 = Debug|Any CPU
		{49A5B00F-3E0F-43DF-A3F3-EA6DAF6B425C}.Profile|Any CPU.ActiveCfg = Release|Any CPU
		{49A5B00F-3E0F-43DF-A3F3-EA6DAF6B425C}.Profile|Any CPU.Build.0 = Release|Any CPU
		{49A5B00F-3E0F-43DF-A3F3-EA6DAF6B425C}.Profile|ARM.ActiveCfg = Release|Any CPU
		{49A5B00F-3E0F-43DF-A3F3-EA6DAF6B425C}.Profile|ARM.Build.0 = Release|Any CPU
		{49A5B00F-3E0F-43DF-A3F3-EA6DAF6B425C}.Profile|ARM64.ActiveCfg = Release|Any CPU
		{49A5B00F-3E0F-43DF-A3F3-EA6DAF6B425C}.Profile|ARM64.Build.0 = Release|Any CPU
		{49A5B00F-3E0F-43DF-A3F3-EA6DAF6B425C}.Profile|Durango.ActiveCfg = Release|Any CPU
		{49A5B00F-3E0F-43DF-A3F3-EA6DAF6B425C}.Profile|x64.ActiveCfg = Release|Any CPU
		{49A5B00F-3E0F-43DF-A3F3-EA6DAF6B425C}.Profile|x64.Build.0 = Release|Any CPU
		{49A5B00F-3E0F-43DF-A3F3-EA6DAF6B425C}.Profile|x86.ActiveCfg = Release|Any CPU
		{49A5B00F-3E0F-43DF-A3F3-EA6DAF6B425C}.Profile|x86.Build.0 = Release|Any CPU
		{49A5B00F-3E0F-43DF-A3F3-EA6DAF6B425C}.Release|Any CPU.ActiveCfg = Release|Any CPU
		{49A5B00F-3E0F-43DF-A3F3-EA6DAF6B425C}.Release|Any CPU.Build.0 = Release|Any CPU
		{49A5B00F-3E0F-43DF-A3F3-EA6DAF6B425C}.Release|ARM.ActiveCfg = Release|Any CPU
		{49A5B00F-3E0F-43DF-A3F3-EA6DAF6B425C}.Release|ARM.Build.0 = Release|Any CPU
		{49A5B00F-3E0F-43DF-A3F3-EA6DAF6B425C}.Release|ARM64.ActiveCfg = Release|Any CPU
		{49A5B00F-3E0F-43DF-A3F3-EA6DAF6B425C}.Release|ARM64.Build.0 = Release|Any CPU
		{49A5B00F-3E0F-43DF-A3F3-EA6DAF6B425C}.Release|Durango.ActiveCfg = Release|Any CPU
		{49A5B00F-3E0F-43DF-A3F3-EA6DAF6B425C}.Release|x64.ActiveCfg = Release|Any CPU
		{49A5B00F-3E0F-43DF-A3F3-EA6DAF6B425C}.Release|x64.Build.0 = Release|Any CPU
		{49A5B00F-3E0F-43DF-A3F3-EA6DAF6B425C}.Release|x86.ActiveCfg = Release|Any CPU
		{49A5B00F-3E0F-43DF-A3F3-EA6DAF6B425C}.Release|x86.Build.0 = Release|Any CPU
		{78E1149D-FEBC-422E-98BD-74E2215CA35D}.Debug|Any CPU.ActiveCfg = Debug|Any CPU
		{78E1149D-FEBC-422E-98BD-74E2215CA35D}.Debug|Any CPU.Build.0 = Debug|Any CPU
		{78E1149D-FEBC-422E-98BD-74E2215CA35D}.Debug|Any CPU.Deploy.0 = Debug|Any CPU
		{78E1149D-FEBC-422E-98BD-74E2215CA35D}.Debug|ARM.ActiveCfg = Debug|ARM
		{78E1149D-FEBC-422E-98BD-74E2215CA35D}.Debug|ARM.Build.0 = Debug|ARM
		{78E1149D-FEBC-422E-98BD-74E2215CA35D}.Debug|ARM.Deploy.0 = Debug|ARM
		{78E1149D-FEBC-422E-98BD-74E2215CA35D}.Debug|ARM64.ActiveCfg = Debug|ARM64
		{78E1149D-FEBC-422E-98BD-74E2215CA35D}.Debug|ARM64.Build.0 = Debug|ARM64
		{78E1149D-FEBC-422E-98BD-74E2215CA35D}.Debug|ARM64.Deploy.0 = Debug|ARM64
		{78E1149D-FEBC-422E-98BD-74E2215CA35D}.Debug|Durango.ActiveCfg = Debug|Any CPU
		{78E1149D-FEBC-422E-98BD-74E2215CA35D}.Debug|x64.ActiveCfg = Debug|x64
		{78E1149D-FEBC-422E-98BD-74E2215CA35D}.Debug|x64.Build.0 = Debug|x64
		{78E1149D-FEBC-422E-98BD-74E2215CA35D}.Debug|x64.Deploy.0 = Debug|x64
		{78E1149D-FEBC-422E-98BD-74E2215CA35D}.Debug|x86.ActiveCfg = Debug|x86
		{78E1149D-FEBC-422E-98BD-74E2215CA35D}.Debug|x86.Build.0 = Debug|x86
		{78E1149D-FEBC-422E-98BD-74E2215CA35D}.Debug|x86.Deploy.0 = Debug|x86
		{78E1149D-FEBC-422E-98BD-74E2215CA35D}.Profile|Any CPU.ActiveCfg = Release|Any CPU
		{78E1149D-FEBC-422E-98BD-74E2215CA35D}.Profile|Any CPU.Build.0 = Release|Any CPU
		{78E1149D-FEBC-422E-98BD-74E2215CA35D}.Profile|Any CPU.Deploy.0 = Release|Any CPU
		{78E1149D-FEBC-422E-98BD-74E2215CA35D}.Profile|ARM.ActiveCfg = Release|ARM
		{78E1149D-FEBC-422E-98BD-74E2215CA35D}.Profile|ARM.Build.0 = Release|ARM
		{78E1149D-FEBC-422E-98BD-74E2215CA35D}.Profile|ARM.Deploy.0 = Release|ARM
		{78E1149D-FEBC-422E-98BD-74E2215CA35D}.Profile|ARM64.ActiveCfg = Release|ARM64
		{78E1149D-FEBC-422E-98BD-74E2215CA35D}.Profile|ARM64.Build.0 = Release|ARM64
		{78E1149D-FEBC-422E-98BD-74E2215CA35D}.Profile|ARM64.Deploy.0 = Release|ARM64
		{78E1149D-FEBC-422E-98BD-74E2215CA35D}.Profile|Durango.ActiveCfg = Release|Any CPU
		{78E1149D-FEBC-422E-98BD-74E2215CA35D}.Profile|x64.ActiveCfg = Release|x64
		{78E1149D-FEBC-422E-98BD-74E2215CA35D}.Profile|x64.Build.0 = Release|x64
		{78E1149D-FEBC-422E-98BD-74E2215CA35D}.Profile|x64.Deploy.0 = Release|x64
		{78E1149D-FEBC-422E-98BD-74E2215CA35D}.Profile|x86.ActiveCfg = Release|x86
		{78E1149D-FEBC-422E-98BD-74E2215CA35D}.Profile|x86.Build.0 = Release|x86
		{78E1149D-FEBC-422E-98BD-74E2215CA35D}.Profile|x86.Deploy.0 = Release|x86
		{78E1149D-FEBC-422E-98BD-74E2215CA35D}.Release|Any CPU.ActiveCfg = Release|Any CPU
		{78E1149D-FEBC-422E-98BD-74E2215CA35D}.Release|Any CPU.Build.0 = Release|Any CPU
		{78E1149D-FEBC-422E-98BD-74E2215CA35D}.Release|Any CPU.Deploy.0 = Release|Any CPU
		{78E1149D-FEBC-422E-98BD-74E2215CA35D}.Release|ARM.ActiveCfg = Release|ARM
		{78E1149D-FEBC-422E-98BD-74E2215CA35D}.Release|ARM.Build.0 = Release|ARM
		{78E1149D-FEBC-422E-98BD-74E2215CA35D}.Release|ARM.Deploy.0 = Release|ARM
		{78E1149D-FEBC-422E-98BD-74E2215CA35D}.Release|ARM64.ActiveCfg = Release|ARM64
		{78E1149D-FEBC-422E-98BD-74E2215CA35D}.Release|ARM64.Build.0 = Release|ARM64
		{78E1149D-FEBC-422E-98BD-74E2215CA35D}.Release|ARM64.Deploy.0 = Release|ARM64
		{78E1149D-FEBC-422E-98BD-74E2215CA35D}.Release|Durango.ActiveCfg = Release|Any CPU
		{78E1149D-FEBC-422E-98BD-74E2215CA35D}.Release|x64.ActiveCfg = Release|x64
		{78E1149D-FEBC-422E-98BD-74E2215CA35D}.Release|x64.Build.0 = Release|x64
		{78E1149D-FEBC-422E-98BD-74E2215CA35D}.Release|x64.Deploy.0 = Release|x64
		{78E1149D-FEBC-422E-98BD-74E2215CA35D}.Release|x86.ActiveCfg = Release|x86
		{78E1149D-FEBC-422E-98BD-74E2215CA35D}.Release|x86.Build.0 = Release|x86
		{78E1149D-FEBC-422E-98BD-74E2215CA35D}.Release|x86.Deploy.0 = Release|x86
	EndGlobalSection
	GlobalSection(SolutionProperties) = preSolution
		HideSolutionNode = FALSE
	EndGlobalSection
	GlobalSection(ExtensibilityGlobals) = postSolution
		SolutionGuid = {6ADAB6B3-F01B-464A-8BD8-B5AF7DE43202}
	EndGlobalSection
EndGlobal
